
Microsoft Visual Studio Solution File, Format Version 12.00
# Visual Studio Version 16
VisualStudioVersion = 16.0.31702.278
MinimumVisualStudioVersion = 10.0.40219.1
Project("{FAE04EC0-301F-11D3-BF4B-00C04F79EFBC}") = "ZebraGraphicsConverter", "ZebraGraphicsConverter\ZebraGraphicsConverter.csproj", "{0B540D0D-D9A0-46AC-AEF1-8FE6DF6FD013}"
EndProject
Global
	GlobalSection(SolutionConfigurationPlatforms) = preSolution
		Debug|Any CPU = Debug|Any CPU
		Release|Any CPU = Release|Any CPU
	EndGlobalSection
	GlobalSection(ProjectConfigurationPlatforms) = postSolution
		{0B540D0D-D9A0-46AC-AEF1-8FE6DF6FD013}.Debug|Any CPU.ActiveCfg = Debug|Any CPU
		{0B540D0D-D9A0-46AC-AEF1-8FE6DF6FD013}.Debug|Any CPU.Build.0 = Debug|Any CPU
		{0B540D0D-D9A0-46AC-AEF1-8FE6DF6FD013}.Release|Any CPU.ActiveCfg = Release|Any CPU
		{0B540D0D-D9A0-46AC-AEF1-8FE6DF6FD013}.Release|Any CPU.Build.0 = Release|Any CPU
	EndGlobalSection
	GlobalSection(SolutionProperties) = preSolution
		HideSolutionNode = FALSE
	EndGlobalSection
	GlobalSection(ExtensibilityGlobals) = postSolution
		SolutionGuid = {A79E9C12-2F3D-426B-B63D-3E22D84E69E8}
	EndGlobalSection
EndGlobal
